
Microsoft Visual Studio Solution File, Format Version 12.00
# Visual Studio Version 17
VisualStudioVersion = 17.9.34622.214
MinimumVisualStudioVersion = 10.0.40219.1
Project("{FAE04EC0-301F-11D3-BF4B-00C04F79EFBC}") = "UploadFiles", "UploadFiles\UploadFiles.csproj", "{DDC67331-61A8-4D0D-8F37-3F36564E7364}"
EndProject
Global
	GlobalSection(SolutionConfigurationPlatforms) = preSolution
		Debug|Any CPU = Debug|Any CPU
		Release|Any CPU = Release|Any CPU
	EndGlobalSection
	GlobalSection(ProjectConfigurationPlatforms) = postSolution
		{DDC67331-61A8-4D0D-8F37-3F36564E7364}.Debug|Any CPU.ActiveCfg = Debug|Any CPU
		{DDC67331-61A8-4D0D-8F37-3F36564E7364}.Debug|Any CPU.Build.0 = Debug|Any CPU
		{DDC67331-61A8-4D0D-8F37-3F36564E7364}.Release|Any CPU.ActiveCfg = Release|Any CPU
		{DDC67331-61A8-4D0D-8F37-3F36564E7364}.Release|Any CPU.Build.0 = Release|Any CPU
	EndGlobalSection
	GlobalSection(SolutionProperties) = preSolution
		HideSolutionNode = FALSE
	EndGlobalSection
	GlobalSection(ExtensibilityGlobals) = postSolution
		SolutionGuid = {60D06441-3A73-452B-B813-6EFAE7E742E8}
	EndGlobalSection
EndGlobal
